{
  "name": "vue_project",
  "lockfileVersion": 3,
  "requires": true,
  "packages": {
    "": {
      "dependencies": {
        "v-mask": "^2.3.0",
        "vue-the-mask": "^0.11.1"
      }
    },
    "node_modules/v-mask": {
      "version": "2.3.0",
      "resolved": "https://registry.npmjs.org/v-mask/-/v-mask-2.3.0.tgz",
      "integrity": "sha512-ap7pTtCTvj25CqX4VYXqudCBd0+XvYyhiiLbzWQQR7AMQosJ2+DPu0a94P9stk0EGmGcmYxJaPkFkfjD8hquWQ=="
    },
    "node_modules/vue-the-mask": {
      "version": "0.11.1",
      "resolved": "https://registry.npmjs.org/vue-the-mask/-/vue-the-mask-0.11.1.tgz",
      "integrity": "sha512-UquSfnSWejD0zAfcD+3jJ1chUAkOAyoxya9Lxh9acCRtrlmGcAIvd0cQYraWqKenbuZJUdum+S174atv2AuEHQ=="
    }
  }
}
